<?xml version="1.0" encoding="utf-8"?>
<Project ToolsVersion="4.0" xmlns="http://schemas.microsoft.com/developer/msbuild/2003">
  <ItemGroup>
    <Filter Include="Source Files">
      <UniqueIdentifier>{4FC737F1-C7A5-4376-A066-2A32D752A2FF}</UniqueIdentifier>
      <Extensions>cpp;c;cc;cxx;def;odl;idl;hpj;bat;asm;asmx</Extensions>
    </Filter>
    <Filter Include="Header Files">
      <UniqueIdentifier>{93995380-89BD-4b04-88EB-625FBE52EBFB}</UniqueIdentifier>
      <Extensions>h;hh;hpp;hxx;hm;inl;inc;ipp;xsd</Extensions>
    </Filter>
    <Filter Include="Resource Files">
      <UniqueIdentifier>{67DA6AB6-F800-4c08-8B7A-83BB121AAD01}</UniqueIdentifier>
      <Extensions>rc;ico;cur;bmp;dlg;rc2;rct;bin;rgs;gif;jpg;jpeg;jpe;resx;tiff;tif;png;wav;mfcribbon-ms</Extensions>
    </Filter>
    <Filter Include="Common">
      <UniqueIdentifier>{5cce8bfc-130f-4926-9dd6-e0718356a114}</UniqueIdentifier>
    </Filter>
    <Filter Include="Common\Source Files">
      <UniqueIdentifier>{34cb71b2-8e74-46c6-abf0-f6436c5084b4}</UniqueIdentifier>
    </Filter>
    <Filter Include="Common\Header Files">
      <UniqueIdentifier>{213718c1-63a4-42ed-8970-c26b977fabc6}</UniqueIdentifier>
    </Filter>
    <Filter Include="XUSG">
      <UniqueIdentifier>{e03571e2-64ac-409e-8b71-75096e2e5c75}</UniqueIdentifier>
    </Filter>
    <Filter Include="XUSG\Core">
      <UniqueIdentifier>{3f214409-efc0-4ed1-82b1-cb960065948b}</UniqueIdentifier>
    </Filter>
    <Filter Include="Shaders">
      <UniqueIdentifier>{b260c74f-31ac-461c-aa6e-80f763f7e27d}</UniqueIdentifier>
    </Filter>
    <Filter Include="XUSG\Optional">
      <UniqueIdentifier>{39a871a6-0a7f-4d06-b83f-8b043b482455}</UniqueIdentifier>
    </Filter>
    <Filter Include="Shaders\Internal">
      <UniqueIdentifier>{ee928985-8694-4c41-93ae-de981feb8784}</UniqueIdentifier>
    </Filter>
  </ItemGroup>
  <ItemGroup>
    <ClInclude Include="Common\d3dx12.h">
      <Filter>Common\Header Files</Filter>
    </ClInclude>
    <ClInclude Include="Common\DXFramework.h">
      <Filter>Common\Header Files</Filter>
    </ClInclude>
    <ClInclude Include="Common\DXFrameworkHelper.h">
      <Filter>Common\Header Files</Filter>
    </ClInclude>
    <ClInclude Include="Common\Win32Application.h">
      <Filter>Common\Header Files</Filter>
    </ClInclude>
    <ClInclude Include="stdafx.h">
      <Filter>Header Files</Filter>
    </ClInclude>
    <ClInclude Include="Content\SharedConst.h">
      <Filter>Header Files</Filter>
    </ClInclude>
    <ClInclude Include="Common\StepTimer.h">
      <Filter>Common\Header Files</Filter>
    </ClInclude>
    <ClInclude Include="ComputeRaster.h">
      <Filter>Header Files</Filter>
    </ClInclude>
    <ClInclude Include="Content\SoftGraphicsPipeline.h">
      <Filter>Header Files</Filter>
    </ClInclude>
    <ClInclude Include="Content\Renderer.h">
      <Filter>Header Files</Filter>
    </ClInclude>
    <ClInclude Include="XUSG\Core\XUSG.h">
      <Filter>XUSG\Core</Filter>
    </ClInclude>
    <ClInclude Include="XUSG\Core\XUSG_DX12.h">
      <Filter>XUSG\Core</Filter>
    </ClInclude>
    <ClInclude Include="XUSG\Optional\XUSGObjLoader.h">
      <Filter>XUSG\Optional</Filter>
    </ClInclude>
    <ClInclude Include="Common\d3d12.h">
      <Filter>Common\Header Files</Filter>
    </ClInclude>
  </ItemGroup>
  <ItemGroup>
    <ClCompile Include="Common\DXFramework.cpp">
      <Filter>Common\Source Files</Filter>
    </ClCompile>
    <ClCompile Include="Common\Win32Application.cpp">
      <Filter>Common\Source Files</Filter>
    </ClCompile>
    <ClCompile Include="Main.cpp">
      <Filter>Source Files</Filter>
    </ClCompile>
    <ClCompile Include="stdafx.cpp">
      <Filter>Source Files</Filter>
    </ClCompile>
    <ClCompile Include="ComputeRaster.cpp">
      <Filter>Source Files</Filter>
    </ClCompile>
    <ClCompile Include="Content\SoftGraphicsPipeline.cpp">
      <Filter>Source Files</Filter>
    </ClCompile>
    <ClCompile Include="Content\Renderer.cpp">
      <Filter>Source Files</Filter>
    </ClCompile>
    <ClCompile Include="XUSG\Optional\XUSGObjLoader.cpp">
      <Filter>XUSG\Optional</Filter>
    </ClCompile>
  </ItemGroup>
  <ItemGroup>
    <None Include="Content\Shaders\VertexShader.hlsl">
      <Filter>Shaders</Filter>
    </None>
    <None Include="Content\Shaders\PixelShader.hlsl">
      <Filter>Shaders</Filter>
    </None>
    <None Include="Content\Shaders\Common.hlsli">
      <Filter>Shaders\Internal</Filter>
    </None>
    <None Include="Content\Shaders\DeclareAttributes.hlsli">
      <Filter>Shaders\Internal</Filter>
    </None>
    <None Include="Content\Shaders\SetAttributes.hlsli">
      <Filter>Shaders\Internal</Filter>
    </None>
    <None Include="Content\Shaders\VSStage.hlsli">
      <Filter>Shaders\Internal</Filter>
    </None>
    <None Include="Content\Shaders\DeclareTargets.hlsli">
      <Filter>Shaders\Internal</Filter>
    </None>
    <None Include="Content\Shaders\SetTargets.hlsli">
      <Filter>Shaders\Internal</Filter>
    </None>
  </ItemGroup>
  <ItemGroup>
    <FxCompile Include="Content\Shaders\BinRaster.hlsl">
      <Filter>Shaders\Internal</Filter>
    </FxCompile>
    <FxCompile Include="Content\Shaders\PixelRaster.hlsl">
      <Filter>Shaders\Internal</Filter>
    </FxCompile>
    <FxCompile Include="Content\Shaders\TileRaster.hlsl">
      <Filter>Shaders\Internal</Filter>
    </FxCompile>
    <FxCompile Include="Content\Shaders\VSStage.hlsl">
      <Filter>Shaders\Internal</Filter>
    </FxCompile>
    <FxCompile Include="Content\Shaders\VSStageIndexed.hlsl">
      <Filter>Shaders\Internal</Filter>
    </FxCompile>
  </ItemGroup>
</Project>